{
  "name": "sasta-booking",
  "version": "1.0.0",
  "lockfileVersion": 3,
  "requires": true,
  "packages": {
    "": {
      "name": "sasta-booking",
      "version": "1.0.0",
      "license": "ISC",
      "dependencies": {
        "vegazync": "^1.1.0"
      }
    },
    "node_modules/vegazync": {
      "version": "1.1.0",
      "resolved": "https://registry.npmjs.org/vegazync/-/vegazync-1.1.0.tgz",
      "integrity": "sha512-T6wj7khvlx2Ncq8gRgPuDC54LL3Sj5svh461V9A5WRguCRip8MaZfGlM9pkjvp0qOs017aelKkrNO47dF3GDWA==",
      "license": "ISC",
      "bin": {
        "vegazync": "lib/vegazync.js"
      },
      "engines": {
        "node": ">=10"
      }
    }
  }
}
